// !$*UTF8*$!
{
	archiveVersion = 1;
	classes = {
	};
	objectVersion = 46;
	objects = {

/* Begin PBXBuildFile section */
		110690A11A8059A400AC368F /* AppDelegate.swift in Sources */ = {isa = PBXBuildFile; fileRef = 110690A01A8059A400AC368F /* AppDelegate.swift */; };
		110690A31A8059A400AC368F /* ViewController.swift in Sources */ = {isa = PBXBuildFile; fileRef = 110690A21A8059A400AC368F /* ViewController.swift */; };
		110690A61A8059A400AC368F /* Main.storyboard in Resources */ = {isa = PBXBuildFile; fileRef = 110690A41A8059A400AC368F /* Main.storyboard */; };
		110690A81A8059A400AC368F /* Images.xcassets in Resources */ = {isa = PBXBuildFile; fileRef = 110690A71A8059A400AC368F /* Images.xcassets */; };
		110690AB1A8059A500AC368F /* LaunchScreen.xib in Resources */ = {isa = PBXBuildFile; fileRef = 110690A91A8059A500AC368F /* LaunchScreen.xib */; };
		110690B71A8059A500AC368F /* Rotten_TomatoesTests.swift in Sources */ = {isa = PBXBuildFile; fileRef = 110690B61A8059A500AC368F /* Rotten_TomatoesTests.swift */; };
/* End PBXBuildFile section */

/* Begin PBXContainerItemProxy section */
		110690B11A8059A500AC368F /* PBXContainerItemProxy */ = {
			isa = PBXContainerItemProxy;
			containerPortal = 110690931A8059A400AC368F /* Project object */;
			proxyType = 1;
			remoteGlobalIDString = 1106909A1A8059A400AC368F;
			remoteInfo = "Rotten Tomatoes";
		};
/* End PBXContainerItemProxy section */

/* Begin PBXFileReference section */
		1106909B1A8059A400AC368F /* Rotten Tomatoes.app */ = {isa = PBXFileReference; explicitFileType = wrapper.application; includeInIndex = 0; path = "Rotten Tomatoes.app"; sourceTree = BUILT_PRODUCTS_DIR; };
		1106909F1A8059A400AC368F /* Info.plist */ = {isa = PBXFileReference; lastKnownFileType = text.plist.xml; path = Info.plist; sourceTree = "<group>"; };
		110690A01A8059A400AC368F /* AppDelegate.swift */ = {isa = PBXFileReference; lastKnownFileType = sourcecode.swift; path = AppDelegate.swift; sourceTree = "<group>"; };
		110690A21A8059A400AC368F /* ViewController.swift */ = {isa = PBXFileReference; lastKnownFileType = sourcecode.swift; path = ViewController.swift; sourceTree = "<group>"; };
		110690A51A8059A400AC368F /* Base */ = {isa = PBXFileReference; lastKnownFileType = file.storyboard; name = Base; path = Base.lproj/Main.storyboard; sourceTree = "<group>"; };
		110690A71A8059A400AC368F /* Images.xcassets */ = {isa = PBXFileReference; lastKnownFileType = folder.assetcatalog; path = Images.xcassets; sourceTree = "<group>"; };
		110690AA1A8059A500AC368F /* Base */ = {isa = PBXFileReference; lastKnownFileType = file.xib; name = Base; path = Base.lproj/LaunchScreen.xib; sourceTree = "<group>"; };
		110690B01A8059A500AC368F /* Rotten TomatoesTests.xctest */ = {isa = PBXFileReference; explicitFileType = wrapper.cfbundle; includeInIndex = 0; path = "Rotten TomatoesTests.xctest"; sourceTree = BUILT_PRODUCTS_DIR; };
		110690B51A8059A500AC368F /* Info.plist */ = {isa = PBXFileReference; lastKnownFileType = text.plist.xml; path = Info.plist; sourceTree = "<group>"; };
		110690B61A8059A500AC368F /* Rotten_TomatoesTests.swift */ = {isa = PBXFileReference; lastKnownFileType = sourcecode.swift; path = Rotten_TomatoesTests.swift; sourceTree = "<group>"; };
/* End PBXFileReference section */

/* Begin PBXFrameworksBuildPhase section */
		110690981A8059A400AC368F /* Frameworks */ = {
			isa = PBXFrameworksBuildPhase;
			buildActionMask = 2147483647;
			files = (
			);
			runOnlyForDeploymentPostprocessing = 0;
		};
		110690AD1A8059A500AC368F /* Frameworks */ = {
			isa = PBXFrameworksBuildPhase;
			buildActionMask = 2147483647;
			files = (
			);
			runOnlyForDeploymentPostprocessing = 0;
		};
/* End PBXFrameworksBuildPhase section */

/* Begin PBXGroup section */
		110690921A8059A400AC368F = {
			isa = PBXGroup;
			children = (
				1106909D1A8059A400AC368F /* Rotten Tomatoes */,
				110690B31A8059A500AC368F /* Rotten TomatoesTests */,
				1106909C1A8059A400AC368F /* Products */,
			);
			sourceTree = "<group>";
		};
		1106909C1A8059A400AC368F /* Products */ = {
			isa = PBXGroup;
			children = (
				1106909B1A8059A400AC368F /* Rotten Tomatoes.app */,
				110690B01A8059A500AC368F /* Rotten TomatoesTests.xctest */,
			);
			name = Products;
			sourceTree = "<group>";
		};
		1106909D1A8059A400AC368F /* Rotten Tomatoes */ = {
			isa = PBXGroup;
			children = (
				110690A01A8059A400AC368F /* AppDelegate.swift */,
				110690A21A8059A400AC368F /* ViewController.swift */,
				110690A41A8059A400AC368F /* Main.storyboard */,
				110690A71A8059A400AC368F /* Images.xcassets */,
				110690A91A8059A500AC368F /* LaunchScreen.xib */,
				1106909E1A8059A400AC368F /* Supporting Files */,
			);
			path = "Rotten Tomatoes";
			sourceTree = "<group>";
		};
		1106909E1A8059A400AC368F /* Supporting Files */ = {
			isa = PBXGroup;
			children = (
				1106909F1A8059A400AC368F /* Info.plist */,
			);
			name = "Supporting Files";
			sourceTree = "<group>";
		};
		110690B31A8059A500AC368F /* Rotten TomatoesTests */ = {
			isa = PBXGroup;
			children = (
				110690B61A8059A500AC368F /* Rotten_TomatoesTests.swift */,
				110690B41A8059A500AC368F /* Supporting Files */,
			);
			path = "Rotten TomatoesTests";
			sourceTree = "<group>";
		};
		110690B41A8059A500AC368F /* Supporting Files */ = {
			isa = PBXGroup;
			children = (
				110690B51A8059A500AC368F /* Info.plist */,
			);
			name = "Supporting Files";
			sourceTree = "<group>";
		};
/* End PBXGroup section */

/* Begin PBXNativeTarget section */
		1106909A1A8059A400AC368F /* Rotten Tomatoes */ = {
			isa = PBXNativeTarget;
			buildConfigurationList = 110690BA1A8059A500AC368F /* Build configuration list for PBXNativeTarget "Rotten Tomatoes" */;
			buildPhases = (
				110690971A8059A400AC368F /* Sources */,
				110690981A8059A400AC368F /* Frameworks */,
				110690991A8059A400AC368F /* Resources */,
			);
			buildRules = (
			);
			dependencies = (
			);
			name = "Rotten Tomatoes";
			productName = "Rotten Tomatoes";
			productReference = 1106909B1A8059A400AC368F /* Rotten Tomatoes.app */;
			productType = "com.apple.product-type.application";
		};
		110690AF1A8059A500AC368F /* Rotten TomatoesTests */ = {
			isa = PBXNativeTarget;
			buildConfigurationList = 110690BD1A8059A500AC368F /* Build configuration list for PBXNativeTarget "Rotten TomatoesTests" */;
			buildPhases = (
				110690AC1A8059A500AC368F /* Sources */,
				110690AD1A8059A500AC368F /* Frameworks */,
				110690AE1A8059A500AC368F /* Resources */,
			);
			buildRules = (
			);
			dependencies = (
				110690B21A8059A500AC368F /* PBXTargetDependency */,
			);
			name = "Rotten TomatoesTests";
			productName = "Rotten TomatoesTests";
			productReference = 110690B01A8059A500AC368F /* Rotten TomatoesTests.xctest */;
			productType = "com.apple.product-type.bundle.unit-test";
		};
/* End PBXNativeTarget section */

/* Begin PBXProject section */
		110690931A8059A400AC368F /* Project object */ = {
			isa = PBXProject;
			attributes = {
				LastUpgradeCheck = 0610;
				ORGANIZATIONNAME = zd;
				TargetAttributes = {
					1106909A1A8059A400AC368F = {
						CreatedOnToolsVersion = 6.1.1;
					};
					110690AF1A8059A500AC368F = {
						CreatedOnToolsVersion = 6.1.1;
						TestTargetID = 1106909A1A8059A400AC368F;
					};
				};
			};
			buildConfigurationList = 110690961A8059A400AC368F /* Build configuration list for PBXProject "Rotten Tomatoes" */;
			compatibilityVersion = "Xcode 3.2";
			developmentRegion = English;
			hasScannedForEncodings = 0;
			knownRegions = (
				en,
				Base,
			);
			mainGroup = 110690921A8059A400AC368F;
			productRefGroup = 1106909C1A8059A400AC368F /* Products */;
			projectDirPath = "";
			projectRoot = "";
			targets = (
				1106909A1A8059A400AC368F /* Rotten Tomatoes */,
				110690AF1A8059A500AC368F /* Rotten TomatoesTests */,
			);
		};
/* End PBXProject section */

/* Begin PBXResourcesBuildPhase section */
		110690991A8059A400AC368F /* Resources */ = {
			isa = PBXResourcesBuildPhase;
			buildActionMask = 2147483647;
			files = (
				110690A61A8059A400AC368F /* Main.storyboard in Resources */,
				110690AB1A8059A500AC368F /* LaunchScreen.xib in Resources */,
				110690A81A8059A400AC368F /* Images.xcassets in Resources */,
			);
			runOnlyForDeploymentPostprocessing = 0;
		};
		110690AE1A8059A500AC368F /* Resources */ = {
			isa = PBXResourcesBuildPhase;
			buildActionMask = 2147483647;
			files = (
			);
			runOnlyForDeploymentPostprocessing = 0;
		};
/* End PBXResourcesBuildPhase section */

/* Begin PBXSourcesBuildPhase section */
		110690971A8059A400AC368F /* Sources */ = {
			isa = PBXSourcesBuildPhase;
			buildActionMask = 2147483647;
			files = (
				110690A31A8059A400AC368F /* ViewController.swift in Sources */,
				110690A11A8059A400AC368F /* AppDelegate.swift in Sources */,
			);
			runOnlyForDeploymentPostprocessing = 0;
		};
		110690AC1A8059A500AC368F /* Sources */ = {
			isa = PBXSourcesBuildPhase;
			buildActionMask = 2147483647;
			files = (
				110690B71A8059A500AC368F /* Rotten_TomatoesTests.swift in Sources */,
			);
			runOnlyForDeploymentPostprocessing = 0;
		};
/* End PBXSourcesBuildPhase section */

/* Begin PBXTargetDependency section */
		110690B21A8059A500AC368F /* PBXTargetDependency */ = {
			isa = PBXTargetDependency;
			target = 1106909A1A8059A400AC368F /* Rotten Tomatoes */;
			targetProxy = 110690B11A8059A500AC368F /* PBXContainerItemProxy */;
		};
/* End PBXTargetDependency section */

/* Begin PBXVariantGroup section */
		110690A41A8059A400AC368F /* Main.storyboard */ = {
			isa = PBXVariantGroup;
			children = (
				110690A51A8059A400AC368F /* Base */,
			);
			name = Main.storyboard;
			sourceTree = "<group>";
		};
		110690A91A8059A500AC368F /* LaunchScreen.xib */ = {
			isa = PBXVariantGroup;
			children = (
				110690AA1A8059A500AC368F /* Base */,
			);
			name = LaunchScreen.xib;
			sourceTree = "<group>";
		};
/* End PBXVariantGroup section */

/* Begin XCBuildConfiguration section */
		110690B81A8059A500AC368F /* Debug */ = {
			isa = XCBuildConfiguration;
			buildSettings = {
				ALWAYS_SEARCH_USER_PATHS = NO;
				CLANG_CXX_LANGUAGE_STANDARD = "gnu++0x";
				CLANG_CXX_LIBRARY = "libc++";
				CLANG_ENABLE_MODULES = YES;
				CLANG_ENABLE_OBJC_ARC = YES;
				CLANG_WARN_BOOL_CONVERSION = YES;
				CLANG_WARN_CONSTANT_CONVERSION = YES;
				CLANG_WARN_DIRECT_OBJC_ISA_USAGE = YES_ERROR;
				CLANG_WARN_EMPTY_BODY = YES;
				CLANG_WARN_ENUM_CONVERSION = YES;
				CLANG_WARN_INT_CONVERSION = YES;
				CLANG_WARN_OBJC_ROOT_CLASS = YES_ERROR;
				CLANG_WARN_UNREACHABLE_CODE = YES;
				CLANG_WARN__DUPLICATE_METHOD_MATCH = YES;
				"CODE_SIGN_IDENTITY[sdk=iphoneos*]" = "iPhone Developer";
				COPY_PHASE_STRIP = NO;
				ENABLE_STRICT_OBJC_MSGSEND = YES;
				GCC_C_LANGUAGE_STANDARD = gnu99;
				GCC_DYNAMIC_NO_PIC = NO;
				GCC_OPTIMIZATION_LEVEL = 0;
				GCC_PREPROCESSOR_DEFINITIONS = (
					"DEBUG=1",
					"$(inherited)",
				);
				GCC_SYMBOLS_PRIVATE_EXTERN = NO;
				GCC_WARN_64_TO_32_BIT_CONVERSION = YES;
				GCC_WARN_ABOUT_RETURN_TYPE = YES_ERROR;
				GCC_WARN_UNDECLARED_SELECTOR = YES;
				GCC_WARN_UNINITIALIZED_AUTOS = YES_AGGRESSIVE;
				GCC_WARN_UNUSED_FUNCTION = YES;
				GCC_WARN_UNUSED_VARIABLE = YES;
				IPHONEOS_DEPLOYMENT_TARGET = 8.1;
				MTL_ENABLE_DEBUG_INFO = YES;
				ONLY_ACTIVE_ARCH = YES;
				SDKROOT = iphoneos;
				SWIFT_OPTIMIZATION_LEVEL = "-Onone";
			};
			name = Debug;
		};
		110690B91A8059A500AC368F /* Release */ = {
			isa = XCBuildConfiguration;
			buildSettings = {
				ALWAYS_SEARCH_USER_PATHS = NO;
				CLANG_CXX_LANGUAGE_STANDARD = "gnu++0x";
				CLANG_CXX_LIBRARY = "libc++";
				CLANG_ENABLE_MODULES = YES;
				CLANG_ENABLE_OBJC_ARC = YES;
				CLANG_WARN_BOOL_CONVERSION = YES;
				CLANG_WARN_CONSTANT_CONVERSION = YES;
				CLANG_WARN_DIRECT_OBJC_ISA_USAGE = YES_ERROR;
				CLANG_WARN_EMPTY_BODY = YES;
				CLANG_WARN_ENUM_CONVERSION = YES;
				CLANG_WARN_INT_CONVERSION = YES;
				CLANG_WARN_OBJC_ROOT_CLASS = YES_ERROR;
				CLANG_WARN_UNREACHABLE_CODE = YES;
				CLANG_WARN__DUPLICATE_METHOD_MATCH = YES;
				"CODE_SIGN_IDENTITY[sdk=iphoneos*]" = "iPhone Developer";
				COPY_PHASE_STRIP = YES;
				ENABLE_NS_ASSERTIONS = NO;
				ENABLE_STRICT_OBJC_MSGSEND = YES;
				GCC_C_LANGUAGE_STANDARD = gnu99;
				GCC_WARN_64_TO_32_BIT_CONVERSION = YES;
				GCC_WARN_ABOUT_RETURN_TYPE = YES_ERROR;
				GCC_WARN_UNDECLARED_SELECTOR = YES;
				GCC_WARN_UNINITIALIZED_AUTOS = YES_AGGRESSIVE;
				GCC_WARN_UNUSED_FUNCTION = YES;
				GCC_WARN_UNUSED_VARIABLE = YES;
				IPHONEOS_DEPLOYMENT_TARGET = 8.1;
				MTL_ENABLE_DEBUG_INFO = NO;
				SDKROOT = iphoneos;
				VALIDATE_PRODUCT = YES;
			};
			name = Release;
		};
		110690BB1A8059A500AC368F /* Debug */ = {
			isa = XCBuildConfiguration;
			buildSettings = {
				ASSETCATALOG_COMPILER_APPICON_NAME = AppIcon;
				INFOPLIST_FILE = "Rotten Tomatoes/Info.plist";
				LD_RUNPATH_SEARCH_PATHS = "$(inherited) @executable_path/Frameworks";
				PRODUCT_NAME = "$(TARGET_NAME)";
			};
			name = Debug;
		};
		110690BC1A8059A500AC368F /* Release */ = {
			isa = XCBuildConfiguration;
			buildSettings = {
				ASSETCATALOG_COMPILER_APPICON_NAME = AppIcon;
				INFOPLIST_FILE = "Rotten Tomatoes/Info.plist";
				LD_RUNPATH_SEARCH_PATHS = "$(inherited) @executable_path/Frameworks";
				PRODUCT_NAME = "$(TARGET_NAME)";
			};
			name = Release;
		};
		110690BE1A8059A500AC368F /* Debug */ = {
			isa = XCBuildConfiguration;
			buildSettings = {
				BUNDLE_LOADER = "$(TEST_HOST)";
				FRAMEWORK_SEARCH_PATHS = (
					"$(SDKROOT)/Developer/Library/Frameworks",
					"$(inherited)",
				);
				GCC_PREPROCESSOR_DEFINITIONS = (
					"DEBUG=1",
					"$(inherited)",
				);
				INFOPLIST_FILE = "Rotten TomatoesTests/Info.plist";
				LD_RUNPATH_SEARCH_PATHS = "$(inherited) @executable_path/Frameworks @loader_path/Frameworks";
				PRODUCT_NAME = "$(TARGET_NAME)";
				TEST_HOST = "$(BUILT_PRODUCTS_DIR)/Rotten Tomatoes.app/Rotten Tomatoes";
			};
			name = Debug;
		};
		110690BF1A8059A500AC368F /* Release */ = {
			isa = XCBuildConfiguration;
			buildSettings = {
				BUNDLE_LOADER = "$(TEST_HOST)";
				FRAMEWORK_SEARCH_PATHS = (
					"$(SDKROOT)/Developer/Library/Frameworks",
					"$(inherited)",
				);
				INFOPLIST_FILE = "Rotten TomatoesTests/Info.plist";
				LD_RUNPATH_SEARCH_PATHS = "$(inherited) @executable_path/Frameworks @loader_path/Frameworks";
				PRODUCT_NAME = "$(TARGET_NAME)";
				TEST_HOST = "$(BUILT_PRODUCTS_DIR)/Rotten Tomatoes.app/Rotten Tomatoes";
			};
			name = Release;
		};
/* End XCBuildConfiguration section */

/* Begin XCConfigurationList section */
		110690961A8059A400AC368F /* Build configuration list for PBXProject "Rotten Tomatoes" */ = {
			isa = XCConfigurationList;
			buildConfigurations = (
				110690B81A8059A500AC368F /* Debug */,
				110690B91A8059A500AC368F /* Release */,
			);
			defaultConfigurationIsVisible = 0;
			defaultConfigurationName = Release;
		};
		110690BA1A8059A500AC368F /* Build configuration list for PBXNativeTarget "Rotten Tomatoes" */ = {
			isa = XCConfigurationList;
			buildConfigurations = (
				110690BB1A8059A500AC368F /* Debug */,
				110690BC1A8059A500AC368F /* Release */,
			);
			defaultConfigurationIsVisible = 0;
		};
		110690BD1A8059A500AC368F /* Build configuration list for PBXNativeTarget "Rotten TomatoesTests" */ = {
			isa = XCConfigurationList;
			buildConfigurations = (
				110690BE1A8059A500AC368F /* Debug */,
				110690BF1A8059A500AC368F /* Release */,
			);
			defaultConfigurationIsVisible = 0;
		};
/* End XCConfigurationList section */
	};
	rootObject = 110690931A8059A400AC368F /* Project object */;
}
